// !$*UTF8*$!
{
	archiveVersion = 1;
	classes = {
	};
	objectVersion = 55;
	objects = {

/* Begin PBXBuildFile section */
		6B23142A27A59B8700477259 /* ConnectivityMessageKeys.swift in Sources */ = {isa = PBXBuildFile; fileRef = 6B23142927A59B8700477259 /* ConnectivityMessageKeys.swift */; };
		6B23142B27A59B8700477259 /* ConnectivityMessageKeys.swift in Sources */ = {isa = PBXBuildFile; fileRef = 6B23142927A59B8700477259 /* ConnectivityMessageKeys.swift */; };
		6B23143027A6343300477259 /* Localizable.strings in Resources */ = {isa = PBXBuildFile; fileRef = 6B23142F27A6343300477259 /* Localizable.strings */; };
		6B23143127A6343300477259 /* Localizable.strings in Resources */ = {isa = PBXBuildFile; fileRef = 6B23142F27A6343300477259 /* Localizable.strings */; };
		6B29476B279642EF00311E1E /* NetworkService.swift in Sources */ = {isa = PBXBuildFile; fileRef = 6B29476A279642EF00311E1E /* NetworkService.swift */; };
		6B3440DC279C5E1C006A5C27 /* Delivery.swift in Sources */ = {isa = PBXBuildFile; fileRef = 6B3440DB279C5E1C006A5C27 /* Delivery.swift */; };
		6B3440DD279C5E1C006A5C27 /* Delivery.swift in Sources */ = {isa = PBXBuildFile; fileRef = 6B3440DB279C5E1C006A5C27 /* Delivery.swift */; };
		6B8A4857279D03780071566F /* ProfileResponse.swift in Sources */ = {isa = PBXBuildFile; fileRef = 6B8A4856279D03780071566F /* ProfileResponse.swift */; };
		6B8A4859279D05060071566F /* ProfileViewModel.swift in Sources */ = {isa = PBXBuildFile; fileRef = 6B8A4858279D05060071566F /* ProfileViewModel.swift */; };
		6B8A485C279D081B0071566F /* DateUtility.swift in Sources */ = {isa = PBXBuildFile; fileRef = 6B8A485B279D081B0071566F /* DateUtility.swift */; };
		6B8A485E279D1A2C0071566F /* LeaderboardResponse.swift in Sources */ = {isa = PBXBuildFile; fileRef = 6B8A485D279D1A2C0071566F /* LeaderboardResponse.swift */; };
		6B8A4860279D1F8F0071566F /* LeaderboardViewModel.swift in Sources */ = {isa = PBXBuildFile; fileRef = 6B8A485F279D1F8F0071566F /* LeaderboardViewModel.swift */; };
		6B9E1112279C945800F4DC93 /* SummaryViewModel.swift in Sources */ = {isa = PBXBuildFile; fileRef = 6B9E1111279C945800F4DC93 /* SummaryViewModel.swift */; };
		6B9E1115279CA29100F4DC93 /* SummaryResponse.swift in Sources */ = {isa = PBXBuildFile; fileRef = 6B9E1114279CA29100F4DC93 /* SummaryResponse.swift */; };
		6BA78C8027A46CF0005149BC /* SplashView.swift in Sources */ = {isa = PBXBuildFile; fileRef = 6BA78C7F27A46CF0005149BC /* SplashView.swift */; };
		6BA78C8227A46F36005149BC /* ActivityIndicator.swift in Sources */ = {isa = PBXBuildFile; fileRef = 6BA78C8127A46F36005149BC /* ActivityIndicator.swift */; };
		6BA78C8527A4826C005149BC /* SettingsView.swift in Sources */ = {isa = PBXBuildFile; fileRef = 6BA78C8427A4826C005149BC /* SettingsView.swift */; };
		6BA78C8B27A487DC005149BC /* SettingsViewModel.swift in Sources */ = {isa = PBXBuildFile; fileRef = 6BA78C8A27A487DC005149BC /* SettingsViewModel.swift */; };
		6BA78C9027A492FB005149BC /* AsyncButton.swift in Sources */ = {isa = PBXBuildFile; fileRef = 6BA78C8F27A492FB005149BC /* AsyncButton.swift */; };
		6BD52EF6279FCB1300247BFB /* APMService.swift in Sources */ = {isa = PBXBuildFile; fileRef = 6BD52EF5279FCB1300247BFB /* APMService.swift */; };
		6BD52EF7279FCB1300247BFB /* APMService.swift in Sources */ = {isa = PBXBuildFile; fileRef = 6BD52EF5279FCB1300247BFB /* APMService.swift */; };
		6BD52EF9279FCB3400247BFB /* RollbarAPMService.swift in Sources */ = {isa = PBXBuildFile; fileRef = 6BD52EF8279FCB3300247BFB /* RollbarAPMService.swift */; };
		6BD52EFA279FCB3400247BFB /* RollbarAPMService.swift in Sources */ = {isa = PBXBuildFile; fileRef = 6BD52EF8279FCB3300247BFB /* RollbarAPMService.swift */; };
		6BD52F18279FD03900247BFB /* LoggingService.swift in Sources */ = {isa = PBXBuildFile; fileRef = 6BD52F17279FD03900247BFB /* LoggingService.swift */; };
		6BD52F19279FD03900247BFB /* LoggingService.swift in Sources */ = {isa = PBXBuildFile; fileRef = 6BD52F17279FD03900247BFB /* LoggingService.swift */; };
		6BD52F1B279FD07300247BFB /* RollbarLoggingService.swift in Sources */ = {isa = PBXBuildFile; fileRef = 6BD52F1A279FD07300247BFB /* RollbarLoggingService.swift */; };
		6BD52F1C279FD07300247BFB /* RollbarLoggingService.swift in Sources */ = {isa = PBXBuildFile; fileRef = 6BD52F1A279FD07300247BFB /* RollbarLoggingService.swift */; };
		6BD52F1E279FD1A300247BFB /* RollbarNotifier in Frameworks */ = {isa = PBXBuildFile; productRef = 6BD52F1D279FD1A300247BFB /* RollbarNotifier */; };
		6BD52F20279FD1AA00247BFB /* RollbarNotifier in Frameworks */ = {isa = PBXBuildFile; productRef = 6BD52F1F279FD1AA00247BFB /* RollbarNotifier */; };
		6BE5DE3C27A6402D0072FF0E /* StringExtensions.swift in Sources */ = {isa = PBXBuildFile; fileRef = 6BE5DE3B27A6402D0072FF0E /* StringExtensions.swift */; };
		6BE5DE3D27A6403D0072FF0E /* StringExtensions.swift in Sources */ = {isa = PBXBuildFile; fileRef = 6BE5DE3B27A6402D0072FF0E /* StringExtensions.swift */; };
		6BE5DE3F27A64E630072FF0E /* SeverityLevel.swift in Sources */ = {isa = PBXBuildFile; fileRef = 6BE5DE3E27A64E630072FF0E /* SeverityLevel.swift */; };
		6BE5DE4027A64E630072FF0E /* SeverityLevel.swift in Sources */ = {isa = PBXBuildFile; fileRef = 6BE5DE3E27A64E630072FF0E /* SeverityLevel.swift */; };
		6BE5DE4227A6531A0072FF0E /* LogManager.swift in Sources */ = {isa = PBXBuildFile; fileRef = 6BE5DE4127A6531A0072FF0E /* LogManager.swift */; };
		6BE5DE4327A6531A0072FF0E /* LogManager.swift in Sources */ = {isa = PBXBuildFile; fileRef = 6BE5DE4127A6531A0072FF0E /* LogManager.swift */; };
		6BE5DE4527A653440072FF0E /* ConsoleLoggingService.swift in Sources */ = {isa = PBXBuildFile; fileRef = 6BE5DE4427A653440072FF0E /* ConsoleLoggingService.swift */; };
		6BE5DE4627A653440072FF0E /* ConsoleLoggingService.swift in Sources */ = {isa = PBXBuildFile; fileRef = 6BE5DE4427A653440072FF0E /* ConsoleLoggingService.swift */; };
		6BE5DE5427A78BBF0072FF0E /* DependencyInjection.swift in Sources */ = {isa = PBXBuildFile; fileRef = 6BE5DE5327A78BBF0072FF0E /* DependencyInjection.swift */; };
		6BE5DE5627A78BD60072FF0E /* Swinject in Frameworks */ = {isa = PBXBuildFile; productRef = 6BE5DE5527A78BD60072FF0E /* Swinject */; };
		6BE5DE5927A8BB3C0072FF0E /* Swinject in Frameworks */ = {isa = PBXBuildFile; productRef = 6BE5DE5827A8BB3C0072FF0E /* Swinject */; };
		6BE5DE5B27A8BBB60072FF0E /* DependencyInjection.swift in Sources */ = {isa = PBXBuildFile; fileRef = 6BE5DE5A27A8BBB60072FF0E /* DependencyInjection.swift */; };
		6BE5DE5E27A8BDAC0072FF0E /* TelemetryService.swift in Sources */ = {isa = PBXBuildFile; fileRef = 6BE5DE5D27A8BDAC0072FF0E /* TelemetryService.swift */; };
		6BE5DE5F27A8BDAC0072FF0E /* TelemetryService.swift in Sources */ = {isa = PBXBuildFile; fileRef = 6BE5DE5D27A8BDAC0072FF0E /* TelemetryService.swift */; };
		6BE5DE6127A8BDBB0072FF0E /* RollbarTelemetryService.swift in Sources */ = {isa = PBXBuildFile; fileRef = 6BE5DE6027A8BDBB0072FF0E /* RollbarTelemetryService.swift */; };
		6BE5DE6227A8BDBB0072FF0E /* RollbarTelemetryService.swift in Sources */ = {isa = PBXBuildFile; fileRef = 6BE5DE6027A8BDBB0072FF0E /* RollbarTelemetryService.swift */; };
		6BE5DE6427A8C0EA0072FF0E /* ConsoleTelemetryService.swift in Sources */ = {isa = PBXBuildFile; fileRef = 6BE5DE6327A8C0EA0072FF0E /* ConsoleTelemetryService.swift */; };
		6BE5DE6527A8C0EA0072FF0E /* ConsoleTelemetryService.swift in Sources */ = {isa = PBXBuildFile; fileRef = 6BE5DE6327A8C0EA0072FF0E /* ConsoleTelemetryService.swift */; };
		6BED9A6E2795154A005646C3 /* WakaWatchApp.swift in Sources */ = {isa = PBXBuildFile; fileRef = 6BED9A6D2795154A005646C3 /* WakaWatchApp.swift */; };
		6BED9A722795154C005646C3 /* Assets.xcassets in Resources */ = {isa = PBXBuildFile; fileRef = 6BED9A712795154C005646C3 /* Assets.xcassets */; };
		6BED9A752795154C005646C3 /* Preview Assets.xcassets in Resources */ = {isa = PBXBuildFile; fileRef = 6BED9A742795154C005646C3 /* Preview Assets.xcassets */; };
		6BED9A7F2795154C005646C3 /* wakawatchTests.swift in Sources */ = {isa = PBXBuildFile; fileRef = 6BED9A7E2795154C005646C3 /* wakawatchTests.swift */; };
		6BED9A892795154C005646C3 /* wakawatchUITests.swift in Sources */ = {isa = PBXBuildFile; fileRef = 6BED9A882795154C005646C3 /* wakawatchUITests.swift */; };
		6BED9A8B2795154C005646C3 /* wakawatchUITestsLaunchTests.swift in Sources */ = {isa = PBXBuildFile; fileRef = 6BED9A8A2795154C005646C3 /* wakawatchUITestsLaunchTests.swift */; };
		6BED9A8F2795154C005646C3 /* Waka Watch.app in Embed Watch Content */ = {isa = PBXBuildFile; fileRef = 6BED9A8E2795154C005646C3 /* Waka Watch.app */; settings = {ATTRIBUTES = (RemoveHeadersOnCopy, ); }; };
		6BED9A942795154E005646C3 /* Assets.xcassets in Resources */ = {isa = PBXBuildFile; fileRef = 6BED9A932795154E005646C3 /* Assets.xcassets */; };
		6BED9A9A2795154E005646C3 /* wakawatch WatchKit Extension.appex in Embed App Extensions */ = {isa = PBXBuildFile; fileRef = 6BED9A992795154E005646C3 /* wakawatch WatchKit Extension.appex */; settings = {ATTRIBUTES = (RemoveHeadersOnCopy, ); }; };
		6BED9AA12795154E005646C3 /* WakaWatchApp.swift in Sources */ = {isa = PBXBuildFile; fileRef = 6BED9AA02795154E005646C3 /* WakaWatchApp.swift */; };
		6BED9AA32795154E005646C3 /* ComplicationController.swift in Sources */ = {isa = PBXBuildFile; fileRef = 6BED9AA22795154E005646C3 /* ComplicationController.swift */; };
		6BED9AA52795154F005646C3 /* Assets.xcassets in Resources */ = {isa = PBXBuildFile; fileRef = 6BED9AA42795154F005646C3 /* Assets.xcassets */; };
		6BED9AA82795154F005646C3 /* Preview Assets.xcassets in Resources */ = {isa = PBXBuildFile; fileRef = 6BED9AA72795154F005646C3 /* Preview Assets.xcassets */; };
		6BED9AB32795154F005646C3 /* wakawatch_WatchKit_AppTests.swift in Sources */ = {isa = PBXBuildFile; fileRef = 6BED9AB22795154F005646C3 /* wakawatch_WatchKit_AppTests.swift */; };
		6BED9ABD2795154F005646C3 /* wakawatch_WatchKit_AppUITests.swift in Sources */ = {isa = PBXBuildFile; fileRef = 6BED9ABC2795154F005646C3 /* wakawatch_WatchKit_AppUITests.swift */; };
		6BED9ABF2795154F005646C3 /* wakawatch_WatchKit_AppUITestsLaunchTests.swift in Sources */ = {isa = PBXBuildFile; fileRef = 6BED9ABE2795154F005646C3 /* wakawatch_WatchKit_AppUITestsLaunchTests.swift */; };
		6BED9ADB27951C82005646C3 /* BetterSafariView in Frameworks */ = {isa = PBXBuildFile; productRef = 6BED9ADA27951C82005646C3 /* BetterSafariView */; };
		6BED9ADE27951F21005646C3 /* LeaderboardView.swift in Sources */ = {isa = PBXBuildFile; fileRef = 6BED9ADD27951F21005646C3 /* LeaderboardView.swift */; };
		6BED9AE027951F6D005646C3 /* ProfileView.swift in Sources */ = {isa = PBXBuildFile; fileRef = 6BED9ADF27951F6D005646C3 /* ProfileView.swift */; };
		6BED9AE227951F80005646C3 /* SummaryView.swift in Sources */ = {isa = PBXBuildFile; fileRef = 6BED9AE127951F80005646C3 /* SummaryView.swift */; };
		6BED9AE927952041005646C3 /* ConnectView.swift in Sources */ = {isa = PBXBuildFile; fileRef = 6BED9AE827952041005646C3 /* ConnectView.swift */; };
		6BED9AEB27952197005646C3 /* DefaultKeys.swift in Sources */ = {isa = PBXBuildFile; fileRef = 6BED9AEA27952197005646C3 /* DefaultKeys.swift */; };
		6BED9AEE2795450F005646C3 /* AuthenticationView.swift in Sources */ = {isa = PBXBuildFile; fileRef = 6BED9AED2795450F005646C3 /* AuthenticationView.swift */; };
		6BED9AF827954728005646C3 /* DefaultKeys.swift in Sources */ = {isa = PBXBuildFile; fileRef = 6BED9AEA27952197005646C3 /* DefaultKeys.swift */; };
		6BED9AFC2795BBB5005646C3 /* AccessTokenResponse.swift in Sources */ = {isa = PBXBuildFile; fileRef = 6BED9AFB2795BBB5005646C3 /* AccessTokenResponse.swift */; };
		6BED9AFD2795BBB5005646C3 /* AccessTokenResponse.swift in Sources */ = {isa = PBXBuildFile; fileRef = 6BED9AFB2795BBB5005646C3 /* AccessTokenResponse.swift */; };
		6BED9B002795D1C0005646C3 /* ConnectivityService.swift in Sources */ = {isa = PBXBuildFile; fileRef = 6BED9AFF2795D1C0005646C3 /* ConnectivityService.swift */; };
		6BED9B012795D1C0005646C3 /* ConnectivityService.swift in Sources */ = {isa = PBXBuildFile; fileRef = 6BED9AFF2795D1C0005646C3 /* ConnectivityService.swift */; };
/* End PBXBuildFile section */

/* Begin PBXContainerItemProxy section */
		6BED9A7B2795154C005646C3 /* PBXContainerItemProxy */ = {
			isa = PBXContainerItemProxy;
			containerPortal = 6BED9A6227951549005646C3 /* Project object */;
			proxyType = 1;
			remoteGlobalIDString = 6BED9A692795154A005646C3;
			remoteInfo = wakawatch;
		};
		6BED9A852795154C005646C3 /* PBXContainerItemProxy */ = {
			isa = PBXContainerItemProxy;
			containerPortal = 6BED9A6227951549005646C3 /* Project object */;
			proxyType = 1;
			remoteGlobalIDString = 6BED9A692795154A005646C3;
			remoteInfo = wakawatch;
		};
		6BED9A902795154C005646C3 /* PBXContainerItemProxy */ = {
			isa = PBXContainerItemProxy;
			containerPortal = 6BED9A6227951549005646C3 /* Project object */;
			proxyType = 1;
			remoteGlobalIDString = 6BED9A8D2795154C005646C3;
			remoteInfo = "wakawatch WatchKit App";
		};
		6BED9A9B2795154E005646C3 /* PBXContainerItemProxy */ = {
			isa = PBXContainerItemProxy;
			containerPortal = 6BED9A6227951549005646C3 /* Project object */;
			proxyType = 1;
			remoteGlobalIDString = 6BED9A982795154E005646C3;
			remoteInfo = "wakawatch WatchKit Extension";
		};
		6BED9AAF2795154F005646C3 /* PBXContainerItemProxy */ = {
			isa = PBXContainerItemProxy;
			containerPortal = 6BED9A6227951549005646C3 /* Project object */;
			proxyType = 1;
			remoteGlobalIDString = 6BED9A982795154E005646C3;
			remoteInfo = "wakawatch WatchKit Extension";
		};
		6BED9AB92795154F005646C3 /* PBXContainerItemProxy */ = {
			isa = PBXContainerItemProxy;
			containerPortal = 6BED9A6227951549005646C3 /* Project object */;
			proxyType = 1;
			remoteGlobalIDString = 6BED9A8D2795154C005646C3;
			remoteInfo = "wakawatch WatchKit App";
		};
/* End PBXContainerItemProxy section */

/* Begin PBXCopyFilesBuildPhase section */
		6BED9AC52795154F005646C3 /* Embed App Extensions */ = {
			isa = PBXCopyFilesBuildPhase;
			buildActionMask = 2147483647;
			dstPath = "";
			dstSubfolderSpec = 13;
			files = (
				6BED9A9A2795154E005646C3 /* wakawatch WatchKit Extension.appex in Embed App Extensions */,
			);
			name = "Embed App Extensions";
			runOnlyForDeploymentPostprocessing = 0;
		};
		6BED9AC92795154F005646C3 /* Embed Watch Content */ = {
			isa = PBXCopyFilesBuildPhase;
			buildActionMask = 2147483647;
			dstPath = "$(CONTENTS_FOLDER_PATH)/Watch";
			dstSubfolderSpec = 16;
			files = (
				6BED9A8F2795154C005646C3 /* Waka Watch.app in Embed Watch Content */,
			);
			name = "Embed Watch Content";
			runOnlyForDeploymentPostprocessing = 0;
		};
/* End PBXCopyFilesBuildPhase section */

/* Begin PBXFileReference section */
		6B23142927A59B8700477259 /* ConnectivityMessageKeys.swift */ = {isa = PBXFileReference; lastKnownFileType = sourcecode.swift; path = ConnectivityMessageKeys.swift; sourceTree = "<group>"; };
		6B23142F27A6343300477259 /* Localizable.strings */ = {isa = PBXFileReference; lastKnownFileType = text.plist.strings; path = Localizable.strings; sourceTree = "<group>"; };
		6B29476A279642EF00311E1E /* NetworkService.swift */ = {isa = PBXFileReference; lastKnownFileType = sourcecode.swift; path = NetworkService.swift; sourceTree = "<group>"; };
		6B3440DB279C5E1C006A5C27 /* Delivery.swift */ = {isa = PBXFileReference; lastKnownFileType = sourcecode.swift; path = Delivery.swift; sourceTree = "<group>"; };
		6B8A4856279D03780071566F /* ProfileResponse.swift */ = {isa = PBXFileReference; lastKnownFileType = sourcecode.swift; path = ProfileResponse.swift; sourceTree = "<group>"; };
		6B8A4858279D05060071566F /* ProfileViewModel.swift */ = {isa = PBXFileReference; lastKnownFileType = sourcecode.swift; path = ProfileViewModel.swift; sourceTree = "<group>"; };
		6B8A485B279D081B0071566F /* DateUtility.swift */ = {isa = PBXFileReference; lastKnownFileType = sourcecode.swift; path = DateUtility.swift; sourceTree = "<group>"; };
		6B8A485D279D1A2C0071566F /* LeaderboardResponse.swift */ = {isa = PBXFileReference; lastKnownFileType = sourcecode.swift; path = LeaderboardResponse.swift; sourceTree = "<group>"; };
		6B8A485F279D1F8F0071566F /* LeaderboardViewModel.swift */ = {isa = PBXFileReference; lastKnownFileType = sourcecode.swift; path = LeaderboardViewModel.swift; sourceTree = "<group>"; };
		6B9E1111279C945800F4DC93 /* SummaryViewModel.swift */ = {isa = PBXFileReference; lastKnownFileType = sourcecode.swift; path = SummaryViewModel.swift; sourceTree = "<group>"; };
		6B9E1114279CA29100F4DC93 /* SummaryResponse.swift */ = {isa = PBXFileReference; lastKnownFileType = sourcecode.swift; path = SummaryResponse.swift; sourceTree = "<group>"; };
		6BA78C7F27A46CF0005149BC /* SplashView.swift */ = {isa = PBXFileReference; lastKnownFileType = sourcecode.swift; path = SplashView.swift; sourceTree = "<group>"; };
		6BA78C8127A46F36005149BC /* ActivityIndicator.swift */ = {isa = PBXFileReference; lastKnownFileType = sourcecode.swift; path = ActivityIndicator.swift; sourceTree = "<group>"; };
		6BA78C8427A4826C005149BC /* SettingsView.swift */ = {isa = PBXFileReference; lastKnownFileType = sourcecode.swift; path = SettingsView.swift; sourceTree = "<group>"; };
		6BA78C8A27A487DC005149BC /* SettingsViewModel.swift */ = {isa = PBXFileReference; lastKnownFileType = sourcecode.swift; path = SettingsViewModel.swift; sourceTree = "<group>"; };
		6BA78C8F27A492FB005149BC /* AsyncButton.swift */ = {isa = PBXFileReference; lastKnownFileType = sourcecode.swift; path = AsyncButton.swift; sourceTree = "<group>"; };
		6BBC1A39279DFACF00FFEBFF /* Config.xcconfig */ = {isa = PBXFileReference; lastKnownFileType = text.xcconfig; path = Config.xcconfig; sourceTree = "<group>"; };
		6BD52EF5279FCB1300247BFB /* APMService.swift */ = {isa = PBXFileReference; lastKnownFileType = sourcecode.swift; path = APMService.swift; sourceTree = "<group>"; };
		6BD52EF8279FCB3300247BFB /* RollbarAPMService.swift */ = {isa = PBXFileReference; lastKnownFileType = sourcecode.swift; path = RollbarAPMService.swift; sourceTree = "<group>"; };
		6BD52F17279FD03900247BFB /* LoggingService.swift */ = {isa = PBXFileReference; lastKnownFileType = sourcecode.swift; path = LoggingService.swift; sourceTree = "<group>"; };
		6BD52F1A279FD07300247BFB /* RollbarLoggingService.swift */ = {isa = PBXFileReference; lastKnownFileType = sourcecode.swift; path = RollbarLoggingService.swift; sourceTree = "<group>"; };
		6BE5DE3B27A6402D0072FF0E /* StringExtensions.swift */ = {isa = PBXFileReference; lastKnownFileType = sourcecode.swift; path = StringExtensions.swift; sourceTree = "<group>"; };
		6BE5DE3E27A64E630072FF0E /* SeverityLevel.swift */ = {isa = PBXFileReference; lastKnownFileType = sourcecode.swift; path = SeverityLevel.swift; sourceTree = "<group>"; };
		6BE5DE4127A6531A0072FF0E /* LogManager.swift */ = {isa = PBXFileReference; lastKnownFileType = sourcecode.swift; path = LogManager.swift; sourceTree = "<group>"; };
		6BE5DE4427A653440072FF0E /* ConsoleLoggingService.swift */ = {isa = PBXFileReference; lastKnownFileType = sourcecode.swift; path = ConsoleLoggingService.swift; sourceTree = "<group>"; };
		6BE5DE5327A78BBF0072FF0E /* DependencyInjection.swift */ = {isa = PBXFileReference; lastKnownFileType = sourcecode.swift; path = DependencyInjection.swift; sourceTree = "<group>"; };
		6BE5DE5A27A8BBB60072FF0E /* DependencyInjection.swift */ = {isa = PBXFileReference; lastKnownFileType = sourcecode.swift; path = DependencyInjection.swift; sourceTree = "<group>"; };
		6BE5DE5D27A8BDAC0072FF0E /* TelemetryService.swift */ = {isa = PBXFileReference; lastKnownFileType = sourcecode.swift; path = TelemetryService.swift; sourceTree = "<group>"; };
		6BE5DE6027A8BDBB0072FF0E /* RollbarTelemetryService.swift */ = {isa = PBXFileReference; lastKnownFileType = sourcecode.swift; path = RollbarTelemetryService.swift; sourceTree = "<group>"; };
		6BE5DE6327A8C0EA0072FF0E /* ConsoleTelemetryService.swift */ = {isa = PBXFileReference; lastKnownFileType = sourcecode.swift; path = ConsoleTelemetryService.swift; sourceTree = "<group>"; };
		6BED9A6A2795154A005646C3 /* Waka Watch.app */ = {isa = PBXFileReference; explicitFileType = wrapper.application; includeInIndex = 0; path = "Waka Watch.app"; sourceTree = BUILT_PRODUCTS_DIR; };
		6BED9A6D2795154A005646C3 /* WakaWatchApp.swift */ = {isa = PBXFileReference; lastKnownFileType = sourcecode.swift; path = WakaWatchApp.swift; sourceTree = "<group>"; };
		6BED9A712795154C005646C3 /* Assets.xcassets */ = {isa = PBXFileReference; lastKnownFileType = folder.assetcatalog; path = Assets.xcassets; sourceTree = "<group>"; };
		6BED9A742795154C005646C3 /* Preview Assets.xcassets */ = {isa = PBXFileReference; lastKnownFileType = folder.assetcatalog; path = "Preview Assets.xcassets"; sourceTree = "<group>"; };
		6BED9A7A2795154C005646C3 /* wakawatchTests.xctest */ = {isa = PBXFileReference; explicitFileType = wrapper.cfbundle; includeInIndex = 0; path = wakawatchTests.xctest; sourceTree = BUILT_PRODUCTS_DIR; };
		6BED9A7E2795154C005646C3 /* wakawatchTests.swift */ = {isa = PBXFileReference; lastKnownFileType = sourcecode.swift; path = wakawatchTests.swift; sourceTree = "<group>"; };
		6BED9A842795154C005646C3 /* wakawatchUITests.xctest */ = {isa = PBXFileReference; explicitFileType = wrapper.cfbundle; includeInIndex = 0; path = wakawatchUITests.xctest; sourceTree = BUILT_PRODUCTS_DIR; };
		6BED9A882795154C005646C3 /* wakawatchUITests.swift */ = {isa = PBXFileReference; lastKnownFileType = sourcecode.swift; path = wakawatchUITests.swift; sourceTree = "<group>"; };
		6BED9A8A2795154C005646C3 /* wakawatchUITestsLaunchTests.swift */ = {isa = PBXFileReference; lastKnownFileType = sourcecode.swift; path = wakawatchUITestsLaunchTests.swift; sourceTree = "<group>"; };
		6BED9A8E2795154C005646C3 /* Waka Watch.app */ = {isa = PBXFileReference; explicitFileType = wrapper.application; includeInIndex = 0; path = "Waka Watch.app"; sourceTree = BUILT_PRODUCTS_DIR; };
		6BED9A932795154E005646C3 /* Assets.xcassets */ = {isa = PBXFileReference; lastKnownFileType = folder.assetcatalog; path = Assets.xcassets; sourceTree = "<group>"; };
		6BED9A992795154E005646C3 /* wakawatch WatchKit Extension.appex */ = {isa = PBXFileReference; explicitFileType = "wrapper.app-extension"; includeInIndex = 0; path = "wakawatch WatchKit Extension.appex"; sourceTree = BUILT_PRODUCTS_DIR; };
		6BED9AA02795154E005646C3 /* WakaWatchApp.swift */ = {isa = PBXFileReference; lastKnownFileType = sourcecode.swift; path = WakaWatchApp.swift; sourceTree = "<group>"; };
		6BED9AA22795154E005646C3 /* ComplicationController.swift */ = {isa = PBXFileReference; lastKnownFileType = sourcecode.swift; path = ComplicationController.swift; sourceTree = "<group>"; };
		6BED9AA42795154F005646C3 /* Assets.xcassets */ = {isa = PBXFileReference; lastKnownFileType = folder.assetcatalog; path = Assets.xcassets; sourceTree = "<group>"; };
		6BED9AA72795154F005646C3 /* Preview Assets.xcassets */ = {isa = PBXFileReference; lastKnownFileType = folder.assetcatalog; path = "Preview Assets.xcassets"; sourceTree = "<group>"; };
		6BED9AA92795154F005646C3 /* Info.plist */ = {isa = PBXFileReference; lastKnownFileType = text.plist.xml; path = Info.plist; sourceTree = "<group>"; };
		6BED9AAE2795154F005646C3 /* wakawatch WatchKit AppTests.xctest */ = {isa = PBXFileReference; explicitFileType = wrapper.cfbundle; includeInIndex = 0; path = "wakawatch WatchKit AppTests.xctest"; sourceTree = BUILT_PRODUCTS_DIR; };
		6BED9AB22795154F005646C3 /* wakawatch_WatchKit_AppTests.swift */ = {isa = PBXFileReference; lastKnownFileType = sourcecode.swift; path = wakawatch_WatchKit_AppTests.swift; sourceTree = "<group>"; };
		6BED9AB82795154F005646C3 /* wakawatch WatchKit AppUITests.xctest */ = {isa = PBXFileReference; explicitFileType = wrapper.cfbundle; includeInIndex = 0; path = "wakawatch WatchKit AppUITests.xctest"; sourceTree = BUILT_PRODUCTS_DIR; };
		6BED9ABC2795154F005646C3 /* wakawatch_WatchKit_AppUITests.swift */ = {isa = PBXFileReference; lastKnownFileType = sourcecode.swift; path = wakawatch_WatchKit_AppUITests.swift; sourceTree = "<group>"; };
		6BED9ABE2795154F005646C3 /* wakawatch_WatchKit_AppUITestsLaunchTests.swift */ = {isa = PBXFileReference; lastKnownFileType = sourcecode.swift; path = wakawatch_WatchKit_AppUITestsLaunchTests.swift; sourceTree = "<group>"; };
		6BED9ADD27951F21005646C3 /* LeaderboardView.swift */ = {isa = PBXFileReference; lastKnownFileType = sourcecode.swift; path = LeaderboardView.swift; sourceTree = "<group>"; };
		6BED9ADF27951F6D005646C3 /* ProfileView.swift */ = {isa = PBXFileReference; lastKnownFileType = sourcecode.swift; path = ProfileView.swift; sourceTree = "<group>"; };
		6BED9AE127951F80005646C3 /* SummaryView.swift */ = {isa = PBXFileReference; lastKnownFileType = sourcecode.swift; path = SummaryView.swift; sourceTree = "<group>"; };
		6BED9AE827952041005646C3 /* ConnectView.swift */ = {isa = PBXFileReference; lastKnownFileType = sourcecode.swift; path = ConnectView.swift; sourceTree = "<group>"; };
		6BED9AEA27952197005646C3 /* DefaultKeys.swift */ = {isa = PBXFileReference; lastKnownFileType = sourcecode.swift; path = DefaultKeys.swift; sourceTree = "<group>"; };
		6BED9AED2795450F005646C3 /* AuthenticationView.swift */ = {isa = PBXFileReference; lastKnownFileType = sourcecode.swift; path = AuthenticationView.swift; sourceTree = "<group>"; };
		6BED9AFB2795BBB5005646C3 /* AccessTokenResponse.swift */ = {isa = PBXFileReference; lastKnownFileType = sourcecode.swift; path = AccessTokenResponse.swift; sourceTree = "<group>"; };
		6BED9AFF2795D1C0005646C3 /* ConnectivityService.swift */ = {isa = PBXFileReference; lastKnownFileType = sourcecode.swift; path = ConnectivityService.swift; sourceTree = "<group>"; };
/* End PBXFileReference section */

/* Begin PBXFrameworksBuildPhase section */
		6BED9A672795154A005646C3 /* Frameworks */ = {
			isa = PBXFrameworksBuildPhase;
			buildActionMask = 2147483647;
			files = (
				6BED9ADB27951C82005646C3 /* BetterSafariView in Frameworks */,
				6BD52F20279FD1AA00247BFB /* RollbarNotifier in Frameworks */,
				6BE5DE5927A8BB3C0072FF0E /* Swinject in Frameworks */,
			);
			runOnlyForDeploymentPostprocessing = 0;
		};
		6BED9A772795154C005646C3 /* Frameworks */ = {
			isa = PBXFrameworksBuildPhase;
			buildActionMask = 2147483647;
			files = (
			);
			runOnlyForDeploymentPostprocessing = 0;
		};
		6BED9A812795154C005646C3 /* Frameworks */ = {
			isa = PBXFrameworksBuildPhase;
			buildActionMask = 2147483647;
			files = (
			);
			runOnlyForDeploymentPostprocessing = 0;
		};
		6BED9A962795154E005646C3 /* Frameworks */ = {
			isa = PBXFrameworksBuildPhase;
			buildActionMask = 2147483647;
			files = (
				6BD52F1E279FD1A300247BFB /* RollbarNotifier in Frameworks */,
				6BE5DE5627A78BD60072FF0E /* Swinject in Frameworks */,
			);
			runOnlyForDeploymentPostprocessing = 0;
		};
		6BED9AAB2795154F005646C3 /* Frameworks */ = {
			isa = PBXFrameworksBuildPhase;
			buildActionMask = 2147483647;
			files = (
			);
			runOnlyForDeploymentPostprocessing = 0;
		};
		6BED9AB52795154F005646C3 /* Frameworks */ = {
			isa = PBXFrameworksBuildPhase;
			buildActionMask = 2147483647;
			files = (
			);
			runOnlyForDeploymentPostprocessing = 0;
		};
/* End PBXFrameworksBuildPhase section */

/* Begin PBXGroup section */
		6B3440DA279C5E0B006A5C27 /* Shared */ = {
			isa = PBXGroup;
			children = (
				6BED9AEA27952197005646C3 /* DefaultKeys.swift */,
				6B3440DB279C5E1C006A5C27 /* Delivery.swift */,
				6BE5DE3E27A64E630072FF0E /* SeverityLevel.swift */,
				6B23142927A59B8700477259 /* ConnectivityMessageKeys.swift */,
			);
			path = Shared;
			sourceTree = "<group>";
		};
		6B8A485A279D080D0071566F /* Utilities */ = {
			isa = PBXGroup;
			children = (
				6B8A485B279D081B0071566F /* DateUtility.swift */,
			);
			path = Utilities;
			sourceTree = "<group>";
		};
		6B9E1110279C944B00F4DC93 /* ViewModels */ = {
			isa = PBXGroup;
			children = (
				6B9E1111279C945800F4DC93 /* SummaryViewModel.swift */,
				6B8A4858279D05060071566F /* ProfileViewModel.swift */,
				6B8A485F279D1F8F0071566F /* LeaderboardViewModel.swift */,
				6BA78C8A27A487DC005149BC /* SettingsViewModel.swift */,
			);
			path = ViewModels;
			sourceTree = "<group>";
		};
		6B9E1113279CA27800F4DC93 /* API Responses */ = {
			isa = PBXGroup;
			children = (
				6BED9AFB2795BBB5005646C3 /* AccessTokenResponse.swift */,
				6B9E1114279CA29100F4DC93 /* SummaryResponse.swift */,
				6B8A4856279D03780071566F /* ProfileResponse.swift */,
				6B8A485D279D1A2C0071566F /* LeaderboardResponse.swift */,
			);
			path = "API Responses";
			sourceTree = "<group>";
		};
		6BA78C8627A4856F005149BC /* Logging */ = {
			isa = PBXGroup;
			children = (
				6BD52F17279FD03900247BFB /* LoggingService.swift */,
				6BD52F1A279FD07300247BFB /* RollbarLoggingService.swift */,
				6BE5DE4127A6531A0072FF0E /* LogManager.swift */,
				6BE5DE4427A653440072FF0E /* ConsoleLoggingService.swift */,
			);
			path = Logging;
			sourceTree = "<group>";
		};
		6BA78C8E27A492ED005149BC /* Components */ = {
			isa = PBXGroup;
			children = (
				6BA78C8F27A492FB005149BC /* AsyncButton.swift */,
			);
			path = Components;
			sourceTree = "<group>";
		};
		6BE5DE3A27A6401F0072FF0E /* Extensions */ = {
			isa = PBXGroup;
			children = (
				6BE5DE3B27A6402D0072FF0E /* StringExtensions.swift */,
			);
			path = Extensions;
			sourceTree = "<group>";
		};
		6BE5DE5C27A8BD9B0072FF0E /* Telemetry */ = {
			isa = PBXGroup;
			children = (
				6BE5DE5D27A8BDAC0072FF0E /* TelemetryService.swift */,
				6BE5DE6027A8BDBB0072FF0E /* RollbarTelemetryService.swift */,
				6BE5DE6327A8C0EA0072FF0E /* ConsoleTelemetryService.swift */,
			);
			path = Telemetry;
			sourceTree = "<group>";
		};
		6BED9A6127951549005646C3 = {
			isa = PBXGroup;
			children = (
				6BED9A6C2795154A005646C3 /* wakawatch */,
				6BED9A7D2795154C005646C3 /* wakawatchTests */,
				6BED9A872795154C005646C3 /* wakawatchUITests */,
				6BED9A922795154C005646C3 /* wakawatch WatchKit App */,
				6BED9A9D2795154E005646C3 /* wakawatch WatchKit Extension */,
				6BED9AB12795154F005646C3 /* wakawatch WatchKit AppTests */,
				6BED9ABB2795154F005646C3 /* wakawatch WatchKit AppUITests */,
				6BED9A6B2795154A005646C3 /* Products */,
				6BED9AF027954672005646C3 /* Frameworks */,
			);
			sourceTree = "<group>";
		};
		6BED9A6B2795154A005646C3 /* Products */ = {
			isa = PBXGroup;
			children = (
				6BED9A6A2795154A005646C3 /* Waka Watch.app */,
				6BED9A7A2795154C005646C3 /* wakawatchTests.xctest */,
				6BED9A842795154C005646C3 /* wakawatchUITests.xctest */,
				6BED9A8E2795154C005646C3 /* Waka Watch.app */,
				6BED9A992795154E005646C3 /* wakawatch WatchKit Extension.appex */,
				6BED9AAE2795154F005646C3 /* wakawatch WatchKit AppTests.xctest */,
				6BED9AB82795154F005646C3 /* wakawatch WatchKit AppUITests.xctest */,
			);
			name = Products;
			sourceTree = "<group>";
		};
		6BED9A6C2795154A005646C3 /* wakawatch */ = {
			isa = PBXGroup;
			children = (
				6BED9A732795154C005646C3 /* Preview Content */,
				6BED9AEC279544FA005646C3 /* Views */,
				6BED9A6D2795154A005646C3 /* WakaWatchApp.swift */,
				6BE5DE5A27A8BBB60072FF0E /* DependencyInjection.swift */,
				6BED9A712795154C005646C3 /* Assets.xcassets */,
			);
			path = wakawatch;
			sourceTree = "<group>";
		};
		6BED9A732795154C005646C3 /* Preview Content */ = {
			isa = PBXGroup;
			children = (
				6BED9A742795154C005646C3 /* Preview Assets.xcassets */,
			);
			path = "Preview Content";
			sourceTree = "<group>";
		};
		6BED9A7D2795154C005646C3 /* wakawatchTests */ = {
			isa = PBXGroup;
			children = (
				6BED9A7E2795154C005646C3 /* wakawatchTests.swift */,
			);
			path = wakawatchTests;
			sourceTree = "<group>";
		};
		6BED9A872795154C005646C3 /* wakawatchUITests */ = {
			isa = PBXGroup;
			children = (
				6BED9A882795154C005646C3 /* wakawatchUITests.swift */,
				6BED9A8A2795154C005646C3 /* wakawatchUITestsLaunchTests.swift */,
			);
			path = wakawatchUITests;
			sourceTree = "<group>";
		};
		6BED9A922795154C005646C3 /* wakawatch WatchKit App */ = {
			isa = PBXGroup;
			children = (
				6BED9A932795154E005646C3 /* Assets.xcassets */,
			);
			path = "wakawatch WatchKit App";
			sourceTree = "<group>";
		};
		6BED9A9D2795154E005646C3 /* wakawatch WatchKit Extension */ = {
			isa = PBXGroup;
			children = (
				6BED9AA62795154F005646C3 /* Preview Content */,
				6BE5DE3A27A6401F0072FF0E /* Extensions */,
				6BA78C8E27A492ED005149BC /* Components */,
				6B8A485A279D080D0071566F /* Utilities */,
				6B3440DA279C5E0B006A5C27 /* Shared */,
				6BED9AFE2795D1B3005646C3 /* Services */,
				6BED9AF3279546E5005646C3 /* Models */,
				6B9E1110279C944B00F4DC93 /* ViewModels */,
				6BED9ADC27951F0C005646C3 /* Views */,
				6BED9AA02795154E005646C3 /* WakaWatchApp.swift */,
				6BED9AA22795154E005646C3 /* ComplicationController.swift */,
				6BE5DE5327A78BBF0072FF0E /* DependencyInjection.swift */,
				6B23142F27A6343300477259 /* Localizable.strings */,
				6BED9AA92795154F005646C3 /* Info.plist */,
				6BBC1A39279DFACF00FFEBFF /* Config.xcconfig */,
				6BED9AA42795154F005646C3 /* Assets.xcassets */,
			);
			path = "wakawatch WatchKit Extension";
			sourceTree = "<group>";
		};
		6BED9AA62795154F005646C3 /* Preview Content */ = {
			isa = PBXGroup;
			children = (
				6BED9AA72795154F005646C3 /* Preview Assets.xcassets */,
			);
			path = "Preview Content";
			sourceTree = "<group>";
		};
		6BED9AB12795154F005646C3 /* wakawatch WatchKit AppTests */ = {
			isa = PBXGroup;
			children = (
				6BED9AB22795154F005646C3 /* wakawatch_WatchKit_AppTests.swift */,
			);
			path = "wakawatch WatchKit AppTests";
			sourceTree = "<group>";
		};
		6BED9ABB2795154F005646C3 /* wakawatch WatchKit AppUITests */ = {
			isa = PBXGroup;
			children = (
				6BED9ABC2795154F005646C3 /* wakawatch_WatchKit_AppUITests.swift */,
				6BED9ABE2795154F005646C3 /* wakawatch_WatchKit_AppUITestsLaunchTests.swift */,
			);
			path = "wakawatch WatchKit AppUITests";
			sourceTree = "<group>";
		};
		6BED9ADC27951F0C005646C3 /* Views */ = {
			isa = PBXGroup;
			children = (
				6BED9AE127951F80005646C3 /* SummaryView.swift */,
				6BED9ADF27951F6D005646C3 /* ProfileView.swift */,
				6BED9ADD27951F21005646C3 /* LeaderboardView.swift */,
				6BA78C8427A4826C005149BC /* SettingsView.swift */,
				6BED9AE827952041005646C3 /* ConnectView.swift */,
			);
			path = Views;
			sourceTree = "<group>";
		};
		6BED9AEC279544FA005646C3 /* Views */ = {
			isa = PBXGroup;
			children = (
				6BA78C8127A46F36005149BC /* ActivityIndicator.swift */,
				6BED9AED2795450F005646C3 /* AuthenticationView.swift */,
				6BA78C7F27A46CF0005149BC /* SplashView.swift */,
			);
			path = Views;
			sourceTree = "<group>";
		};
		6BED9AF027954672005646C3 /* Frameworks */ = {
			isa = PBXGroup;
			children = (
			);
			name = Frameworks;
			sourceTree = "<group>";
		};
		6BED9AF3279546E5005646C3 /* Models */ = {
			isa = PBXGroup;
			children = (
				6B9E1113279CA27800F4DC93 /* API Responses */,
			);
			path = Models;
			sourceTree = "<group>";
		};
		6BED9AFE2795D1B3005646C3 /* Services */ = {
			isa = PBXGroup;
			children = (
				6BE5DE5C27A8BD9B0072FF0E /* Telemetry */,
				6BA78C8627A4856F005149BC /* Logging */,
				6BED9AFF2795D1C0005646C3 /* ConnectivityService.swift */,
				6B29476A279642EF00311E1E /* NetworkService.swift */,
				6BD52EF5279FCB1300247BFB /* APMService.swift */,
				6BD52EF8279FCB3300247BFB /* RollbarAPMService.swift */,
			);
			path = Services;
			sourceTree = "<group>";
		};
/* End PBXGroup section */

/* Begin PBXNativeTarget section */
		6BED9A692795154A005646C3 /* wakawatch */ = {
			isa = PBXNativeTarget;
			buildConfigurationList = 6BED9ACA2795154F005646C3 /* Build configuration list for PBXNativeTarget "wakawatch" */;
			buildPhases = (
				6BED9A662795154A005646C3 /* Sources */,
				6BED9A672795154A005646C3 /* Frameworks */,
				6BED9A682795154A005646C3 /* Resources */,
				6BED9AC92795154F005646C3 /* Embed Watch Content */,
			);
			buildRules = (
			);
			dependencies = (
				6BED9A912795154C005646C3 /* PBXTargetDependency */,
			);
			name = wakawatch;
			packageProductDependencies = (
				6BED9ADA27951C82005646C3 /* BetterSafariView */,
				6BD52F1F279FD1AA00247BFB /* RollbarNotifier */,
				6BE5DE5827A8BB3C0072FF0E /* Swinject */,
			);
			productName = wakawatch;
			productReference = 6BED9A6A2795154A005646C3 /* Waka Watch.app */;
			productType = "com.apple.product-type.application";
		};
		6BED9A792795154C005646C3 /* wakawatchTests */ = {
			isa = PBXNativeTarget;
			buildConfigurationList = 6BED9ACD2795154F005646C3 /* Build configuration list for PBXNativeTarget "wakawatchTests" */;
			buildPhases = (
				6BED9A762795154C005646C3 /* Sources */,
				6BED9A772795154C005646C3 /* Frameworks */,
				6BED9A782795154C005646C3 /* Resources */,
			);
			buildRules = (
			);
			dependencies = (
				6BED9A7C2795154C005646C3 /* PBXTargetDependency */,
			);
			name = wakawatchTests;
			productName = wakawatchTests;
			productReference = 6BED9A7A2795154C005646C3 /* wakawatchTests.xctest */;
			productType = "com.apple.product-type.bundle.unit-test";
		};
		6BED9A832795154C005646C3 /* wakawatchUITests */ = {
			isa = PBXNativeTarget;
			buildConfigurationList = 6BED9AD02795154F005646C3 /* Build configuration list for PBXNativeTarget "wakawatchUITests" */;
			buildPhases = (
				6BED9A802795154C005646C3 /* Sources */,
				6BED9A812795154C005646C3 /* Frameworks */,
				6BED9A822795154C005646C3 /* Resources */,
			);
			buildRules = (
			);
			dependencies = (
				6BED9A862795154C005646C3 /* PBXTargetDependency */,
			);
			name = wakawatchUITests;
			productName = wakawatchUITests;
			productReference = 6BED9A842795154C005646C3 /* wakawatchUITests.xctest */;
			productType = "com.apple.product-type.bundle.ui-testing";
		};
		6BED9A8D2795154C005646C3 /* wakawatch WatchKit App */ = {
			isa = PBXNativeTarget;
			buildConfigurationList = 6BED9AC62795154F005646C3 /* Build configuration list for PBXNativeTarget "wakawatch WatchKit App" */;
			buildPhases = (
				6BED9A8C2795154C005646C3 /* Resources */,
				6BED9AC52795154F005646C3 /* Embed App Extensions */,
			);
			buildRules = (
			);
			dependencies = (
				6BED9A9C2795154E005646C3 /* PBXTargetDependency */,
			);
			name = "wakawatch WatchKit App";
			productName = "wakawatch WatchKit App";
			productReference = 6BED9A8E2795154C005646C3 /* Waka Watch.app */;
			productType = "com.apple.product-type.application.watchapp2";
		};
		6BED9A982795154E005646C3 /* wakawatch WatchKit Extension */ = {
			isa = PBXNativeTarget;
			buildConfigurationList = 6BED9AC22795154F005646C3 /* Build configuration list for PBXNativeTarget "wakawatch WatchKit Extension" */;
			buildPhases = (
				6BED9A952795154E005646C3 /* Sources */,
				6BED9A962795154E005646C3 /* Frameworks */,
				6BED9A972795154E005646C3 /* Resources */,
			);
			buildRules = (
			);
			dependencies = (
			);
			name = "wakawatch WatchKit Extension";
			packageProductDependencies = (
				6BD52F1D279FD1A300247BFB /* RollbarNotifier */,
				6BE5DE5527A78BD60072FF0E /* Swinject */,
			);
			productName = "wakawatch WatchKit Extension";
			productReference = 6BED9A992795154E005646C3 /* wakawatch WatchKit Extension.appex */;
			productType = "com.apple.product-type.watchkit2-extension";
		};
		6BED9AAD2795154F005646C3 /* wakawatch WatchKit AppTests */ = {
			isa = PBXNativeTarget;
			buildConfigurationList = 6BED9AD32795154F005646C3 /* Build configuration list for PBXNativeTarget "wakawatch WatchKit AppTests" */;
			buildPhases = (
				6BED9AAA2795154F005646C3 /* Sources */,
				6BED9AAB2795154F005646C3 /* Frameworks */,
				6BED9AAC2795154F005646C3 /* Resources */,
			);
			buildRules = (
			);
			dependencies = (
				6BED9AB02795154F005646C3 /* PBXTargetDependency */,
			);
			name = "wakawatch WatchKit AppTests";
			productName = "wakawatch WatchKit AppTests";
			productReference = 6BED9AAE2795154F005646C3 /* wakawatch WatchKit AppTests.xctest */;
			productType = "com.apple.product-type.bundle.unit-test";
		};
		6BED9AB72795154F005646C3 /* wakawatch WatchKit AppUITests */ = {
			isa = PBXNativeTarget;
			buildConfigurationList = 6BED9AD62795154F005646C3 /* Build configuration list for PBXNativeTarget "wakawatch WatchKit AppUITests" */;
			buildPhases = (
				6BED9AB42795154F005646C3 /* Sources */,
				6BED9AB52795154F005646C3 /* Frameworks */,
				6BED9AB62795154F005646C3 /* Resources */,
			);
			buildRules = (
			);
			dependencies = (
				6BED9ABA2795154F005646C3 /* PBXTargetDependency */,
			);
			name = "wakawatch WatchKit AppUITests";
			productName = "wakawatch WatchKit AppUITests";
			productReference = 6BED9AB82795154F005646C3 /* wakawatch WatchKit AppUITests.xctest */;
			productType = "com.apple.product-type.bundle.ui-testing";
		};
/* End PBXNativeTarget section */

/* Begin PBXProject section */
		6BED9A6227951549005646C3 /* Project object */ = {
			isa = PBXProject;
			attributes = {
				BuildIndependentTargetsInParallel = 1;
				LastSwiftUpdateCheck = 1320;
				LastUpgradeCheck = 1320;
				TargetAttributes = {
					6BED9A692795154A005646C3 = {
						CreatedOnToolsVersion = 13.2.1;
					};
					6BED9A792795154C005646C3 = {
						CreatedOnToolsVersion = 13.2.1;
						TestTargetID = 6BED9A692795154A005646C3;
					};
					6BED9A832795154C005646C3 = {
						CreatedOnToolsVersion = 13.2.1;
						TestTargetID = 6BED9A692795154A005646C3;
					};
					6BED9A8D2795154C005646C3 = {
						CreatedOnToolsVersion = 13.2.1;
					};
					6BED9A982795154E005646C3 = {
						CreatedOnToolsVersion = 13.2.1;
					};
					6BED9AAD2795154F005646C3 = {
						CreatedOnToolsVersion = 13.2.1;
						TestTargetID = 6BED9A982795154E005646C3;
					};
					6BED9AB72795154F005646C3 = {
						CreatedOnToolsVersion = 13.2.1;
						TestTargetID = 6BED9A8D2795154C005646C3;
					};
				};
			};
			buildConfigurationList = 6BED9A6527951549005646C3 /* Build configuration list for PBXProject "wakawatch" */;
			compatibilityVersion = "Xcode 13.0";
			developmentRegion = en;
			hasScannedForEncodings = 0;
			knownRegions = (
				en,
				Base,
			);
			mainGroup = 6BED9A6127951549005646C3;
			packageReferences = (
				6BED9AD927951C82005646C3 /* XCRemoteSwiftPackageReference "BetterSafariView" */,
				6BD52EF4279FC9C900247BFB /* XCRemoteSwiftPackageReference "rollbar-apple" */,
				6BE5DE5227A788BC0072FF0E /* XCRemoteSwiftPackageReference "Swinject" */,
			);
			productRefGroup = 6BED9A6B2795154A005646C3 /* Products */;
			projectDirPath = "";
			projectRoot = "";
			targets = (
				6BED9A692795154A005646C3 /* wakawatch */,
				6BED9A792795154C005646C3 /* wakawatchTests */,
				6BED9A832795154C005646C3 /* wakawatchUITests */,
				6BED9A8D2795154C005646C3 /* wakawatch WatchKit App */,
				6BED9A982795154E005646C3 /* wakawatch WatchKit Extension */,
				6BED9AAD2795154F005646C3 /* wakawatch WatchKit AppTests */,
				6BED9AB72795154F005646C3 /* wakawatch WatchKit AppUITests */,
			);
		};
/* End PBXProject section */

/* Begin PBXResourcesBuildPhase section */
		6BED9A682795154A005646C3 /* Resources */ = {
			isa = PBXResourcesBuildPhase;
			buildActionMask = 2147483647;
			files = (
				6BED9A752795154C005646C3 /* Preview Assets.xcassets in Resources */,
				6B23143027A6343300477259 /* Localizable.strings in Resources */,
				6BED9A722795154C005646C3 /* Assets.xcassets in Resources */,
			);
			runOnlyForDeploymentPostprocessing = 0;
		};
		6BED9A782795154C005646C3 /* Resources */ = {
			isa = PBXResourcesBuildPhase;
			buildActionMask = 2147483647;
			files = (
			);
			runOnlyForDeploymentPostprocessing = 0;
		};
		6BED9A822795154C005646C3 /* Resources */ = {
			isa = PBXResourcesBuildPhase;
			buildActionMask = 2147483647;
			files = (
			);
			runOnlyForDeploymentPostprocessing = 0;
		};
		6BED9A8C2795154C005646C3 /* Resources */ = {
			isa = PBXResourcesBuildPhase;
			buildActionMask = 2147483647;
			files = (
				6BED9A942795154E005646C3 /* Assets.xcassets in Resources */,
			);
			runOnlyForDeploymentPostprocessing = 0;
		};
		6BED9A972795154E005646C3 /* Resources */ = {
			isa = PBXResourcesBuildPhase;
			buildActionMask = 2147483647;
			files = (
				6BED9AA82795154F005646C3 /* Preview Assets.xcassets in Resources */,
				6B23143127A6343300477259 /* Localizable.strings in Resources */,
				6BED9AA52795154F005646C3 /* Assets.xcassets in Resources */,
			);
			runOnlyForDeploymentPostprocessing = 0;
		};
		6BED9AAC2795154F005646C3 /* Resources */ = {
			isa = PBXResourcesBuildPhase;
			buildActionMask = 2147483647;
			files = (
			);
			runOnlyForDeploymentPostprocessing = 0;
		};
		6BED9AB62795154F005646C3 /* Resources */ = {
			isa = PBXResourcesBuildPhase;
			buildActionMask = 2147483647;
			files = (
			);
			runOnlyForDeploymentPostprocessing = 0;
		};
/* End PBXResourcesBuildPhase section */

/* Begin PBXSourcesBuildPhase section */
		6BED9A662795154A005646C3 /* Sources */ = {
			isa = PBXSourcesBuildPhase;
			buildActionMask = 2147483647;
			files = (
				6BD52F1B279FD07300247BFB /* RollbarLoggingService.swift in Sources */,
				6BA78C8027A46CF0005149BC /* SplashView.swift in Sources */,
				6B23142A27A59B8700477259 /* ConnectivityMessageKeys.swift in Sources */,
				6BED9AFC2795BBB5005646C3 /* AccessTokenResponse.swift in Sources */,
				6BED9A6E2795154A005646C3 /* WakaWatchApp.swift in Sources */,
				6BA78C8227A46F36005149BC /* ActivityIndicator.swift in Sources */,
				6BE5DE4527A653440072FF0E /* ConsoleLoggingService.swift in Sources */,
				6BED9B002795D1C0005646C3 /* ConnectivityService.swift in Sources */,
				6BE5DE6427A8C0EA0072FF0E /* ConsoleTelemetryService.swift in Sources */,
				6BED9AF827954728005646C3 /* DefaultKeys.swift in Sources */,
				6BE5DE5E27A8BDAC0072FF0E /* TelemetryService.swift in Sources */,
				6BE5DE4227A6531A0072FF0E /* LogManager.swift in Sources */,
				6BED9AEE2795450F005646C3 /* AuthenticationView.swift in Sources */,
				6B3440DC279C5E1C006A5C27 /* Delivery.swift in Sources */,
				6BE5DE3D27A6403D0072FF0E /* StringExtensions.swift in Sources */,
				6BD52EF6279FCB1300247BFB /* APMService.swift in Sources */,
				6BE5DE5B27A8BBB60072FF0E /* DependencyInjection.swift in Sources */,
				6BE5DE3F27A64E630072FF0E /* SeverityLevel.swift in Sources */,
				6BD52F18279FD03900247BFB /* LoggingService.swift in Sources */,
				6BE5DE6127A8BDBB0072FF0E /* RollbarTelemetryService.swift in Sources */,
				6BD52EF9279FCB3400247BFB /* RollbarAPMService.swift in Sources */,
			);
			runOnlyForDeploymentPostprocessing = 0;
		};
		6BED9A762795154C005646C3 /* Sources */ = {
			isa = PBXSourcesBuildPhase;
			buildActionMask = 2147483647;
			files = (
				6BED9A7F2795154C005646C3 /* wakawatchTests.swift in Sources */,
			);
			runOnlyForDeploymentPostprocessing = 0;
		};
		6BED9A802795154C005646C3 /* Sources */ = {
			isa = PBXSourcesBuildPhase;
			buildActionMask = 2147483647;
			files = (
				6BED9A8B2795154C005646C3 /* wakawatchUITestsLaunchTests.swift in Sources */,
				6BED9A892795154C005646C3 /* wakawatchUITests.swift in Sources */,
			);
			runOnlyForDeploymentPostprocessing = 0;
		};
		6BED9A952795154E005646C3 /* Sources */ = {
			isa = PBXSourcesBuildPhase;
			buildActionMask = 2147483647;
			files = (
				6B8A4857279D03780071566F /* ProfileResponse.swift in Sources */,
				6BA78C8527A4826C005149BC /* SettingsView.swift in Sources */,
				6B23142B27A59B8700477259 /* ConnectivityMessageKeys.swift in Sources */,
				6BED9ADE27951F21005646C3 /* LeaderboardView.swift in Sources */,
				6BED9AE927952041005646C3 /* ConnectView.swift in Sources */,
				6BD52EFA279FCB3400247BFB /* RollbarAPMService.swift in Sources */,
				6BED9AFD2795BBB5005646C3 /* AccessTokenResponse.swift in Sources */,
				6BD52EF7279FCB1300247BFB /* APMService.swift in Sources */,
				6B8A4860279D1F8F0071566F /* LeaderboardViewModel.swift in Sources */,
				6BE5DE5427A78BBF0072FF0E /* DependencyInjection.swift in Sources */,
				6BED9AE027951F6D005646C3 /* ProfileView.swift in Sources */,
				6B3440DD279C5E1C006A5C27 /* Delivery.swift in Sources */,
				6BE5DE6227A8BDBB0072FF0E /* RollbarTelemetryService.swift in Sources */,
				6BED9AA12795154E005646C3 /* WakaWatchApp.swift in Sources */,
				6BA78C9027A492FB005149BC /* AsyncButton.swift in Sources */,
				6B9E1115279CA29100F4DC93 /* SummaryResponse.swift in Sources */,
				6BED9AEB27952197005646C3 /* DefaultKeys.swift in Sources */,
				6BD52F1C279FD07300247BFB /* RollbarLoggingService.swift in Sources */,
				6B8A485C279D081B0071566F /* DateUtility.swift in Sources */,
				6BE5DE4327A6531A0072FF0E /* LogManager.swift in Sources */,
				6BED9AA32795154E005646C3 /* ComplicationController.swift in Sources */,
				6BED9AE227951F80005646C3 /* SummaryView.swift in Sources */,
				6BED9B012795D1C0005646C3 /* ConnectivityService.swift in Sources */,
				6BD52F19279FD03900247BFB /* LoggingService.swift in Sources */,
				6BE5DE3C27A6402D0072FF0E /* StringExtensions.swift in Sources */,
				6BE5DE4627A653440072FF0E /* ConsoleLoggingService.swift in Sources */,
				6B8A4859279D05060071566F /* ProfileViewModel.swift in Sources */,
				6BE5DE6527A8C0EA0072FF0E /* ConsoleTelemetryService.swift in Sources */,
				6B8A485E279D1A2C0071566F /* LeaderboardResponse.swift in Sources */,
				6B9E1112279C945800F4DC93 /* SummaryViewModel.swift in Sources */,
				6BE5DE4027A64E630072FF0E /* SeverityLevel.swift in Sources */,
				6BE5DE5F27A8BDAC0072FF0E /* TelemetryService.swift in Sources */,
				6B29476B279642EF00311E1E /* NetworkService.swift in Sources */,
				6BA78C8B27A487DC005149BC /* SettingsViewModel.swift in Sources */,
			);
			runOnlyForDeploymentPostprocessing = 0;
		};
		6BED9AAA2795154F005646C3 /* Sources */ = {
			isa = PBXSourcesBuildPhase;
			buildActionMask = 2147483647;
			files = (
				6BED9AB32795154F005646C3 /* wakawatch_WatchKit_AppTests.swift in Sources */,
			);
			runOnlyForDeploymentPostprocessing = 0;
		};
		6BED9AB42795154F005646C3 /* Sources */ = {
			isa = PBXSourcesBuildPhase;
			buildActionMask = 2147483647;
			files = (
				6BED9ABD2795154F005646C3 /* wakawatch_WatchKit_AppUITests.swift in Sources */,
				6BED9ABF2795154F005646C3 /* wakawatch_WatchKit_AppUITestsLaunchTests.swift in Sources */,
			);
			runOnlyForDeploymentPostprocessing = 0;
		};
/* End PBXSourcesBuildPhase section */

/* Begin PBXTargetDependency section */
		6BED9A7C2795154C005646C3 /* PBXTargetDependency */ = {
			isa = PBXTargetDependency;
			target = 6BED9A692795154A005646C3 /* wakawatch */;
			targetProxy = 6BED9A7B2795154C005646C3 /* PBXContainerItemProxy */;
		};
		6BED9A862795154C005646C3 /* PBXTargetDependency */ = {
			isa = PBXTargetDependency;
			target = 6BED9A692795154A005646C3 /* wakawatch */;
			targetProxy = 6BED9A852795154C005646C3 /* PBXContainerItemProxy */;
		};
		6BED9A912795154C005646C3 /* PBXTargetDependency */ = {
			isa = PBXTargetDependency;
			target = 6BED9A8D2795154C005646C3 /* wakawatch WatchKit App */;
			targetProxy = 6BED9A902795154C005646C3 /* PBXContainerItemProxy */;
		};
		6BED9A9C2795154E005646C3 /* PBXTargetDependency */ = {
			isa = PBXTargetDependency;
			target = 6BED9A982795154E005646C3 /* wakawatch WatchKit Extension */;
			targetProxy = 6BED9A9B2795154E005646C3 /* PBXContainerItemProxy */;
		};
		6BED9AB02795154F005646C3 /* PBXTargetDependency */ = {
			isa = PBXTargetDependency;
			target = 6BED9A982795154E005646C3 /* wakawatch WatchKit Extension */;
			targetProxy = 6BED9AAF2795154F005646C3 /* PBXContainerItemProxy */;
		};
		6BED9ABA2795154F005646C3 /* PBXTargetDependency */ = {
			isa = PBXTargetDependency;
			target = 6BED9A8D2795154C005646C3 /* wakawatch WatchKit App */;
			targetProxy = 6BED9AB92795154F005646C3 /* PBXContainerItemProxy */;
		};
/* End PBXTargetDependency section */

/* Begin XCBuildConfiguration section */
		6BED9AC02795154F005646C3 /* Debug */ = {
			isa = XCBuildConfiguration;
			baseConfigurationReference = 6BBC1A39279DFACF00FFEBFF /* Config.xcconfig */;
			buildSettings = {
				ALWAYS_SEARCH_USER_PATHS = NO;
				CLANG_ANALYZER_NONNULL = YES;
				CLANG_ANALYZER_NUMBER_OBJECT_CONVERSION = YES_AGGRESSIVE;
				CLANG_CXX_LANGUAGE_STANDARD = "gnu++17";
				CLANG_CXX_LIBRARY = "libc++";
				CLANG_ENABLE_MODULES = YES;
				CLANG_ENABLE_OBJC_ARC = YES;
				CLANG_ENABLE_OBJC_WEAK = YES;
				CLANG_WARN_BLOCK_CAPTURE_AUTORELEASING = YES;
				CLANG_WARN_BOOL_CONVERSION = YES;
				CLANG_WARN_COMMA = YES;
				CLANG_WARN_CONSTANT_CONVERSION = YES;
				CLANG_WARN_DEPRECATED_OBJC_IMPLEMENTATIONS = YES;
				CLANG_WARN_DIRECT_OBJC_ISA_USAGE = YES_ERROR;
				CLANG_WARN_DOCUMENTATION_COMMENTS = YES;
				CLANG_WARN_EMPTY_BODY = YES;
				CLANG_WARN_ENUM_CONVERSION = YES;
				CLANG_WARN_INFINITE_RECURSION = YES;
				CLANG_WARN_INT_CONVERSION = YES;
				CLANG_WARN_NON_LITERAL_NULL_CONVERSION = YES;
				CLANG_WARN_OBJC_IMPLICIT_RETAIN_SELF = YES;
				CLANG_WARN_OBJC_LITERAL_CONVERSION = YES;
				CLANG_WARN_OBJC_ROOT_CLASS = YES_ERROR;
				CLANG_WARN_QUOTED_INCLUDE_IN_FRAMEWORK_HEADER = YES;
				CLANG_WARN_RANGE_LOOP_ANALYSIS = YES;
				CLANG_WARN_STRICT_PROTOTYPES = YES;
				CLANG_WARN_SUSPICIOUS_MOVE = YES;
				CLANG_WARN_UNGUARDED_AVAILABILITY = YES_AGGRESSIVE;
				CLANG_WARN_UNREACHABLE_CODE = YES;
				CLANG_WARN__DUPLICATE_METHOD_MATCH = YES;
				COPY_PHASE_STRIP = NO;
				DEBUG_INFORMATION_FORMAT = dwarf;
				ENABLE_STRICT_OBJC_MSGSEND = YES;
				ENABLE_TESTABILITY = YES;
				GCC_C_LANGUAGE_STANDARD = gnu11;
				GCC_DYNAMIC_NO_PIC = NO;
				GCC_NO_COMMON_BLOCKS = YES;
				GCC_OPTIMIZATION_LEVEL = 0;
				GCC_PREPROCESSOR_DEFINITIONS = (
					"DEBUG=1",
					"$(inherited)",
				);
				GCC_WARN_64_TO_32_BIT_CONVERSION = YES;
				GCC_WARN_ABOUT_RETURN_TYPE = YES_ERROR;
				GCC_WARN_UNDECLARED_SELECTOR = YES;
				GCC_WARN_UNINITIALIZED_AUTOS = YES_AGGRESSIVE;
				GCC_WARN_UNUSED_FUNCTION = YES;
				GCC_WARN_UNUSED_VARIABLE = YES;
				MTL_ENABLE_DEBUG_INFO = INCLUDE_SOURCE;
				MTL_FAST_MATH = YES;
				ONLY_ACTIVE_ARCH = YES;
				SWIFT_ACTIVE_COMPILATION_CONDITIONS = DEBUG;
				SWIFT_OPTIMIZATION_LEVEL = "-Onone";
			};
			name = Debug;
		};
		6BED9AC12795154F005646C3 /* Release */ = {
			isa = XCBuildConfiguration;
			baseConfigurationReference = 6BBC1A39279DFACF00FFEBFF /* Config.xcconfig */;
			buildSettings = {
				ALWAYS_SEARCH_USER_PATHS = NO;
				CLANG_ANALYZER_NONNULL = YES;
				CLANG_ANALYZER_NUMBER_OBJECT_CONVERSION = YES_AGGRESSIVE;
				CLANG_CXX_LANGUAGE_STANDARD = "gnu++17";
				CLANG_CXX_LIBRARY = "libc++";
				CLANG_ENABLE_MODULES = YES;
				CLANG_ENABLE_OBJC_ARC = YES;
				CLANG_ENABLE_OBJC_WEAK = YES;
				CLANG_WARN_BLOCK_CAPTURE_AUTORELEASING = YES;
				CLANG_WARN_BOOL_CONVERSION = YES;
				CLANG_WARN_COMMA = YES;
				CLANG_WARN_CONSTANT_CONVERSION = YES;
				CLANG_WARN_DEPRECATED_OBJC_IMPLEMENTATIONS = YES;
				CLANG_WARN_DIRECT_OBJC_ISA_USAGE = YES_ERROR;
				CLANG_WARN_DOCUMENTATION_COMMENTS = YES;
				CLANG_WARN_EMPTY_BODY = YES;
				CLANG_WARN_ENUM_CONVERSION = YES;
				CLANG_WARN_INFINITE_RECURSION = YES;
				CLANG_WARN_INT_CONVERSION = YES;
				CLANG_WARN_NON_LITERAL_NULL_CONVERSION = YES;
				CLANG_WARN_OBJC_IMPLICIT_RETAIN_SELF = YES;
				CLANG_WARN_OBJC_LITERAL_CONVERSION = YES;
				CLANG_WARN_OBJC_ROOT_CLASS = YES_ERROR;
				CLANG_WARN_QUOTED_INCLUDE_IN_FRAMEWORK_HEADER = YES;
				CLANG_WARN_RANGE_LOOP_ANALYSIS = YES;
				CLANG_WARN_STRICT_PROTOTYPES = YES;
				CLANG_WARN_SUSPICIOUS_MOVE = YES;
				CLANG_WARN_UNGUARDED_AVAILABILITY = YES_AGGRESSIVE;
				CLANG_WARN_UNREACHABLE_CODE = YES;
				CLANG_WARN__DUPLICATE_METHOD_MATCH = YES;
				COPY_PHASE_STRIP = NO;
				DEBUG_INFORMATION_FORMAT = "dwarf-with-dsym";
				ENABLE_NS_ASSERTIONS = NO;
				ENABLE_STRICT_OBJC_MSGSEND = YES;
				GCC_C_LANGUAGE_STANDARD = gnu11;
				GCC_NO_COMMON_BLOCKS = YES;
				GCC_WARN_64_TO_32_BIT_CONVERSION = YES;
				GCC_WARN_ABOUT_RETURN_TYPE = YES_ERROR;
				GCC_WARN_UNDECLARED_SELECTOR = YES;
				GCC_WARN_UNINITIALIZED_AUTOS = YES_AGGRESSIVE;
				GCC_WARN_UNUSED_FUNCTION = YES;
				GCC_WARN_UNUSED_VARIABLE = YES;
				MTL_ENABLE_DEBUG_INFO = NO;
				MTL_FAST_MATH = YES;
				SWIFT_COMPILATION_MODE = wholemodule;
				SWIFT_OPTIMIZATION_LEVEL = "-O";
			};
			name = Release;
		};
		6BED9AC32795154F005646C3 /* Debug */ = {
			isa = XCBuildConfiguration;
			buildSettings = {
				ASSETCATALOG_COMPILER_COMPLICATION_NAME = Complication;
				CODE_SIGN_STYLE = Automatic;
				CURRENT_PROJECT_VERSION = 1;
				DEVELOPMENT_ASSET_PATHS = "\"wakawatch WatchKit Extension/Preview Content\"";
				DEVELOPMENT_TEAM = 4V8V3L4FYS;
				ENABLE_PREVIEWS = YES;
				GENERATE_INFOPLIST_FILE = YES;
				INFOPLIST_FILE = "wakawatch WatchKit Extension/Info.plist";
				INFOPLIST_KEY_CFBundleDisplayName = "Waka Watch";
				INFOPLIST_KEY_CLKComplicationPrincipalClass = wakawatch_WatchKit_Extension.ComplicationController;
				INFOPLIST_KEY_NSHumanReadableCopyright = "";
				INFOPLIST_KEY_WKRunsIndependentlyOfCompanionApp = NO;
				LD_RUNPATH_SEARCH_PATHS = (
					"$(inherited)",
					"@executable_path/Frameworks",
					"@executable_path/../../Frameworks",
				);
				MARKETING_VERSION = 1.0;
				PRODUCT_BUNDLE_IDENTIFIER = app.wakawatch.watchkitapp.watchkitextension;
				PRODUCT_NAME = "${TARGET_NAME}";
				SDKROOT = watchos;
				SKIP_INSTALL = YES;
				SWIFT_EMIT_LOC_STRINGS = YES;
				SWIFT_VERSION = 5.0;
				TARGETED_DEVICE_FAMILY = 4;
				WATCHOS_DEPLOYMENT_TARGET = 8.3;
			};
			name = Debug;
		};
		6BED9AC42795154F005646C3 /* Release */ = {
			isa = XCBuildConfiguration;
			buildSettings = {
				ASSETCATALOG_COMPILER_COMPLICATION_NAME = Complication;
				CODE_SIGN_STYLE = Automatic;
				CURRENT_PROJECT_VERSION = 1;
				DEVELOPMENT_ASSET_PATHS = "\"wakawatch WatchKit Extension/Preview Content\"";
				DEVELOPMENT_TEAM = 4V8V3L4FYS;
				ENABLE_PREVIEWS = YES;
				GENERATE_INFOPLIST_FILE = YES;
				INFOPLIST_FILE = "wakawatch WatchKit Extension/Info.plist";
				INFOPLIST_KEY_CFBundleDisplayName = "Waka Watch";
				INFOPLIST_KEY_CLKComplicationPrincipalClass = wakawatch_WatchKit_Extension.ComplicationController;
				INFOPLIST_KEY_NSHumanReadableCopyright = "";
				INFOPLIST_KEY_WKRunsIndependentlyOfCompanionApp = NO;
				LD_RUNPATH_SEARCH_PATHS = (
					"$(inherited)",
					"@executable_path/Frameworks",
					"@executable_path/../../Frameworks",
				);
				MARKETING_VERSION = 1.0;
				PRODUCT_BUNDLE_IDENTIFIER = app.wakawatch.watchkitapp.watchkitextension;
				PRODUCT_NAME = "${TARGET_NAME}";
				SDKROOT = watchos;
				SKIP_INSTALL = YES;
				SWIFT_EMIT_LOC_STRINGS = YES;
				SWIFT_VERSION = 5.0;
				TARGETED_DEVICE_FAMILY = 4;
				VALIDATE_PRODUCT = YES;
				WATCHOS_DEPLOYMENT_TARGET = 8.3;
			};
			name = Release;
		};
		6BED9AC72795154F005646C3 /* Debug */ = {
			isa = XCBuildConfiguration;
			buildSettings = {
				ALWAYS_EMBED_SWIFT_STANDARD_LIBRARIES = YES;
				ASSETCATALOG_COMPILER_APPICON_NAME = AppIcon;
				ASSETCATALOG_COMPILER_GLOBAL_ACCENT_COLOR_NAME = AccentColor;
				CODE_SIGN_STYLE = Automatic;
				CURRENT_PROJECT_VERSION = 1;
				DEVELOPMENT_TEAM = 4V8V3L4FYS;
				GENERATE_INFOPLIST_FILE = YES;
				IBSC_MODULE = wakawatch_WatchKit_Extension;
				INFOPLIST_KEY_UISupportedInterfaceOrientations = "UIInterfaceOrientationPortrait UIInterfaceOrientationPortraitUpsideDown";
				INFOPLIST_KEY_WKCompanionAppBundleIdentifier = app.wakawatch;
				MARKETING_VERSION = 1.0;
				PRODUCT_BUNDLE_IDENTIFIER = app.wakawatch.watchkitapp;
				PRODUCT_NAME = "Waka Watch";
				SDKROOT = watchos;
				SKIP_INSTALL = YES;
				SWIFT_EMIT_LOC_STRINGS = YES;
				SWIFT_VERSION = 5.0;
				TARGETED_DEVICE_FAMILY = 4;
				WATCHOS_DEPLOYMENT_TARGET = 8.3;
			};
			name = Debug;
		};
		6BED9AC82795154F005646C3 /* Release */ = {
			isa = XCBuildConfiguration;
			buildSettings = {
				ALWAYS_EMBED_SWIFT_STANDARD_LIBRARIES = YES;
				ASSETCATALOG_COMPILER_APPICON_NAME = AppIcon;
				ASSETCATALOG_COMPILER_GLOBAL_ACCENT_COLOR_NAME = AccentColor;
				CODE_SIGN_STYLE = Automatic;
				CURRENT_PROJECT_VERSION = 1;
				DEVELOPMENT_TEAM = 4V8V3L4FYS;
				GENERATE_INFOPLIST_FILE = YES;
				IBSC_MODULE = wakawatch_WatchKit_Extension;
				INFOPLIST_KEY_UISupportedInterfaceOrientations = "UIInterfaceOrientationPortrait UIInterfaceOrientationPortraitUpsideDown";
				INFOPLIST_KEY_WKCompanionAppBundleIdentifier = app.wakawatch;
				MARKETING_VERSION = 1.0;
				PRODUCT_BUNDLE_IDENTIFIER = app.wakawatch.watchkitapp;
				PRODUCT_NAME = "Waka Watch";
				SDKROOT = watchos;
				SKIP_INSTALL = YES;
				SWIFT_EMIT_LOC_STRINGS = YES;
				SWIFT_VERSION = 5.0;
				TARGETED_DEVICE_FAMILY = 4;
				VALIDATE_PRODUCT = YES;
				WATCHOS_DEPLOYMENT_TARGET = 8.3;
			};
			name = Release;
		};
		6BED9ACB2795154F005646C3 /* Debug */ = {
			isa = XCBuildConfiguration;
			buildSettings = {
				ASSETCATALOG_COMPILER_APPICON_NAME = AppIcon;
				ASSETCATALOG_COMPILER_GLOBAL_ACCENT_COLOR_NAME = AccentColor;
				CODE_SIGN_STYLE = Automatic;
				CURRENT_PROJECT_VERSION = 1;
				DEVELOPMENT_ASSET_PATHS = "\"wakawatch/Preview Content\"";
				DEVELOPMENT_TEAM = 4V8V3L4FYS;
				ENABLE_PREVIEWS = YES;
				GENERATE_INFOPLIST_FILE = YES;
				INFOPLIST_FILE = wakawatch/Info.plist;
				INFOPLIST_KEY_UIApplicationSceneManifest_Generation = YES;
				INFOPLIST_KEY_UIApplicationSupportsIndirectInputEvents = YES;
				INFOPLIST_KEY_UILaunchScreen_Generation = YES;
				INFOPLIST_KEY_UISupportedInterfaceOrientations_iPad = "UIInterfaceOrientationPortrait UIInterfaceOrientationPortraitUpsideDown UIInterfaceOrientationLandscapeLeft UIInterfaceOrientationLandscapeRight";
				INFOPLIST_KEY_UISupportedInterfaceOrientations_iPhone = "UIInterfaceOrientationPortrait UIInterfaceOrientationLandscapeLeft UIInterfaceOrientationLandscapeRight";
				IPHONEOS_DEPLOYMENT_TARGET = 15.1;
				LD_RUNPATH_SEARCH_PATHS = (
					"$(inherited)",
					"@executable_path/Frameworks",
				);
				MARKETING_VERSION = 1.0;
				PRODUCT_BUNDLE_IDENTIFIER = app.wakawatch;
				PRODUCT_NAME = "Waka Watch";
				SDKROOT = iphoneos;
				SWIFT_EMIT_LOC_STRINGS = YES;
				SWIFT_VERSION = 5.0;
				TARGETED_DEVICE_FAMILY = "1,2";
			};
			name = Debug;
		};
		6BED9ACC2795154F005646C3 /* Release */ = {
			isa = XCBuildConfiguration;
			buildSettings = {
				ASSETCATALOG_COMPILER_APPICON_NAME = AppIcon;
				ASSETCATALOG_COMPILER_GLOBAL_ACCENT_COLOR_NAME = AccentColor;
				CODE_SIGN_STYLE = Automatic;
				CURRENT_PROJECT_VERSION = 1;
				DEVELOPMENT_ASSET_PATHS = "\"wakawatch/Preview Content\"";
				DEVELOPMENT_TEAM = 4V8V3L4FYS;
				ENABLE_PREVIEWS = YES;
				GENERATE_INFOPLIST_FILE = YES;
				INFOPLIST_FILE = wakawatch/Info.plist;
				INFOPLIST_KEY_UIApplicationSceneManifest_Generation = YES;
				INFOPLIST_KEY_UIApplicationSupportsIndirectInputEvents = YES;
				INFOPLIST_KEY_UILaunchScreen_Generation = YES;
				INFOPLIST_KEY_UISupportedInterfaceOrientations_iPad = "UIInterfaceOrientationPortrait UIInterfaceOrientationPortraitUpsideDown UIInterfaceOrientationLandscapeLeft UIInterfaceOrientationLandscapeRight";
				INFOPLIST_KEY_UISupportedInterfaceOrientations_iPhone = "UIInterfaceOrientationPortrait UIInterfaceOrientationLandscapeLeft UIInterfaceOrientationLandscapeRight";
				IPHONEOS_DEPLOYMENT_TARGET = 15.1;
				LD_RUNPATH_SEARCH_PATHS = (
					"$(inherited)",
					"@executable_path/Frameworks",
				);
				MARKETING_VERSION = 1.0;
				PRODUCT_BUNDLE_IDENTIFIER = app.wakawatch;
				PRODUCT_NAME = "Waka Watch";
				SDKROOT = iphoneos;
				SWIFT_EMIT_LOC_STRINGS = YES;
				SWIFT_VERSION = 5.0;
				TARGETED_DEVICE_FAMILY = "1,2";
				VALIDATE_PRODUCT = YES;
			};
			name = Release;
		};
		6BED9ACE2795154F005646C3 /* Debug */ = {
			isa = XCBuildConfiguration;
			buildSettings = {
				ALWAYS_EMBED_SWIFT_STANDARD_LIBRARIES = YES;
				BUNDLE_LOADER = "$(TEST_HOST)";
				CODE_SIGN_STYLE = Automatic;
				CURRENT_PROJECT_VERSION = 1;
				DEVELOPMENT_TEAM = 4V8V3L4FYS;
				GENERATE_INFOPLIST_FILE = YES;
				IPHONEOS_DEPLOYMENT_TARGET = 15.1;
				MARKETING_VERSION = 1.0;
				PRODUCT_BUNDLE_IDENTIFIER = app.wakawatchTests;
				PRODUCT_NAME = "$(TARGET_NAME)";
				SDKROOT = iphoneos;
				SWIFT_EMIT_LOC_STRINGS = NO;
				SWIFT_VERSION = 5.0;
				TARGETED_DEVICE_FAMILY = "1,2";
				TEST_HOST = "$(BUILT_PRODUCTS_DIR)/wakawatch.app/wakawatch";
			};
			name = Debug;
		};
		6BED9ACF2795154F005646C3 /* Release */ = {
			isa = XCBuildConfiguration;
			buildSettings = {
				ALWAYS_EMBED_SWIFT_STANDARD_LIBRARIES = YES;
				BUNDLE_LOADER = "$(TEST_HOST)";
				CODE_SIGN_STYLE = Automatic;
				CURRENT_PROJECT_VERSION = 1;
				DEVELOPMENT_TEAM = 4V8V3L4FYS;
				GENERATE_INFOPLIST_FILE = YES;
				IPHONEOS_DEPLOYMENT_TARGET = 15.1;
				MARKETING_VERSION = 1.0;
				PRODUCT_BUNDLE_IDENTIFIER = app.wakawatchTests;
				PRODUCT_NAME = "$(TARGET_NAME)";
				SDKROOT = iphoneos;
				SWIFT_EMIT_LOC_STRINGS = NO;
				SWIFT_VERSION = 5.0;
				TARGETED_DEVICE_FAMILY = "1,2";
				TEST_HOST = "$(BUILT_PRODUCTS_DIR)/wakawatch.app/wakawatch";
				VALIDATE_PRODUCT = YES;
			};
			name = Release;
		};
		6BED9AD12795154F005646C3 /* Debug */ = {
			isa = XCBuildConfiguration;
			buildSettings = {
				ALWAYS_EMBED_SWIFT_STANDARD_LIBRARIES = YES;
				CODE_SIGN_STYLE = Automatic;
				CURRENT_PROJECT_VERSION = 1;
				DEVELOPMENT_TEAM = 4V8V3L4FYS;
				GENERATE_INFOPLIST_FILE = YES;
				IPHONEOS_DEPLOYMENT_TARGET = 15.1;
				MARKETING_VERSION = 1.0;
				PRODUCT_BUNDLE_IDENTIFIER = app.wakawatchUITests;
				PRODUCT_NAME = "$(TARGET_NAME)";
				SDKROOT = iphoneos;
				SWIFT_EMIT_LOC_STRINGS = NO;
				SWIFT_VERSION = 5.0;
				TARGETED_DEVICE_FAMILY = "1,2";
				TEST_TARGET_NAME = wakawatch;
			};
			name = Debug;
		};
		6BED9AD22795154F005646C3 /* Release */ = {
			isa = XCBuildConfiguration;
			buildSettings = {
				ALWAYS_EMBED_SWIFT_STANDARD_LIBRARIES = YES;
				CODE_SIGN_STYLE = Automatic;
				CURRENT_PROJECT_VERSION = 1;
				DEVELOPMENT_TEAM = 4V8V3L4FYS;
				GENERATE_INFOPLIST_FILE = YES;
				IPHONEOS_DEPLOYMENT_TARGET = 15.1;
				MARKETING_VERSION = 1.0;
				PRODUCT_BUNDLE_IDENTIFIER = app.wakawatchUITests;
				PRODUCT_NAME = "$(TARGET_NAME)";
				SDKROOT = iphoneos;
				SWIFT_EMIT_LOC_STRINGS = NO;
				SWIFT_VERSION = 5.0;
				TARGETED_DEVICE_FAMILY = "1,2";
				TEST_TARGET_NAME = wakawatch;
				VALIDATE_PRODUCT = YES;
			};
			name = Release;
		};
		6BED9AD42795154F005646C3 /* Debug */ = {
			isa = XCBuildConfiguration;
			buildSettings = {
				ALWAYS_EMBED_SWIFT_STANDARD_LIBRARIES = YES;
				BUNDLE_LOADER = "$(TEST_HOST)";
				CODE_SIGN_STYLE = Automatic;
				CURRENT_PROJECT_VERSION = 1;
				DEVELOPMENT_TEAM = 4V8V3L4FYS;
				GENERATE_INFOPLIST_FILE = YES;
				MARKETING_VERSION = 1.0;
				PRODUCT_BUNDLE_IDENTIFIER = "app.wakawatch-WatchKit-AppTests";
				PRODUCT_NAME = "$(TARGET_NAME)";
				SDKROOT = watchos;
				SWIFT_EMIT_LOC_STRINGS = NO;
				SWIFT_VERSION = 5.0;
				TARGETED_DEVICE_FAMILY = 4;
				TEST_HOST = "$(BUILT_PRODUCTS_DIR)/wakawatch WatchKit Extension.appex/wakawatch WatchKit Extension";
				WATCHOS_DEPLOYMENT_TARGET = 8.3;
			};
			name = Debug;
		};
		6BED9AD52795154F005646C3 /* Release */ = {
			isa = XCBuildConfiguration;
			buildSettings = {
				ALWAYS_EMBED_SWIFT_STANDARD_LIBRARIES = YES;
				BUNDLE_LOADER = "$(TEST_HOST)";
				CODE_SIGN_STYLE = Automatic;
				CURRENT_PROJECT_VERSION = 1;
				DEVELOPMENT_TEAM = 4V8V3L4FYS;
				GENERATE_INFOPLIST_FILE = YES;
				MARKETING_VERSION = 1.0;
				PRODUCT_BUNDLE_IDENTIFIER = "app.wakawatch-WatchKit-AppTests";
				PRODUCT_NAME = "$(TARGET_NAME)";
				SDKROOT = watchos;
				SWIFT_EMIT_LOC_STRINGS = NO;
				SWIFT_VERSION = 5.0;
				TARGETED_DEVICE_FAMILY = 4;
				TEST_HOST = "$(BUILT_PRODUCTS_DIR)/wakawatch WatchKit Extension.appex/wakawatch WatchKit Extension";
				VALIDATE_PRODUCT = YES;
				WATCHOS_DEPLOYMENT_TARGET = 8.3;
			};
			name = Release;
		};
		6BED9AD72795154F005646C3 /* Debug */ = {
			isa = XCBuildConfiguration;
			buildSettings = {
				CODE_SIGN_STYLE = Automatic;
				CURRENT_PROJECT_VERSION = 1;
				DEVELOPMENT_TEAM = 4V8V3L4FYS;
				GENERATE_INFOPLIST_FILE = YES;
				MARKETING_VERSION = 1.0;
				PRODUCT_BUNDLE_IDENTIFIER = "app.wakawatch-WatchKit-AppUITests";
				PRODUCT_NAME = "$(TARGET_NAME)";
				SDKROOT = watchos;
				SWIFT_EMIT_LOC_STRINGS = NO;
				SWIFT_VERSION = 5.0;
				TARGETED_DEVICE_FAMILY = 4;
				TEST_TARGET_NAME = "wakawatch WatchKit App";
				WATCHOS_DEPLOYMENT_TARGET = 8.3;
			};
			name = Debug;
		};
		6BED9AD82795154F005646C3 /* Release */ = {
			isa = XCBuildConfiguration;
			buildSettings = {
				CODE_SIGN_STYLE = Automatic;
				CURRENT_PROJECT_VERSION = 1;
				DEVELOPMENT_TEAM = 4V8V3L4FYS;
				GENERATE_INFOPLIST_FILE = YES;
				MARKETING_VERSION = 1.0;
				PRODUCT_BUNDLE_IDENTIFIER = "app.wakawatch-WatchKit-AppUITests";
				PRODUCT_NAME = "$(TARGET_NAME)";
				SDKROOT = watchos;
				SWIFT_EMIT_LOC_STRINGS = NO;
				SWIFT_VERSION = 5.0;
				TARGETED_DEVICE_FAMILY = 4;
				TEST_TARGET_NAME = "wakawatch WatchKit App";
				VALIDATE_PRODUCT = YES;
				WATCHOS_DEPLOYMENT_TARGET = 8.3;
			};
			name = Release;
		};
/* End XCBuildConfiguration section */

/* Begin XCConfigurationList section */
		6BED9A6527951549005646C3 /* Build configuration list for PBXProject "wakawatch" */ = {
			isa = XCConfigurationList;
			buildConfigurations = (
				6BED9AC02795154F005646C3 /* Debug */,
				6BED9AC12795154F005646C3 /* Release */,
			);
			defaultConfigurationIsVisible = 0;
			defaultConfigurationName = Release;
		};
		6BED9AC22795154F005646C3 /* Build configuration list for PBXNativeTarget "wakawatch WatchKit Extension" */ = {
			isa = XCConfigurationList;
			buildConfigurations = (
				6BED9AC32795154F005646C3 /* Debug */,
				6BED9AC42795154F005646C3 /* Release */,
			);
			defaultConfigurationIsVisible = 0;
			defaultConfigurationName = Release;
		};
		6BED9AC62795154F005646C3 /* Build configuration list for PBXNativeTarget "wakawatch WatchKit App" */ = {
			isa = XCConfigurationList;
			buildConfigurations = (
				6BED9AC72795154F005646C3 /* Debug */,
				6BED9AC82795154F005646C3 /* Release */,
			);
			defaultConfigurationIsVisible = 0;
			defaultConfigurationName = Release;
		};
		6BED9ACA2795154F005646C3 /* Build configuration list for PBXNativeTarget "wakawatch" */ = {
			isa = XCConfigurationList;
			buildConfigurations = (
				6BED9ACB2795154F005646C3 /* Debug */,
				6BED9ACC2795154F005646C3 /* Release */,
			);
			defaultConfigurationIsVisible = 0;
			defaultConfigurationName = Release;
		};
		6BED9ACD2795154F005646C3 /* Build configuration list for PBXNativeTarget "wakawatchTests" */ = {
			isa = XCConfigurationList;
			buildConfigurations = (
				6BED9ACE2795154F005646C3 /* Debug */,
				6BED9ACF2795154F005646C3 /* Release */,
			);
			defaultConfigurationIsVisible = 0;
			defaultConfigurationName = Release;
		};
		6BED9AD02795154F005646C3 /* Build configuration list for PBXNativeTarget "wakawatchUITests" */ = {
			isa = XCConfigurationList;
			buildConfigurations = (
				6BED9AD12795154F005646C3 /* Debug */,
				6BED9AD22795154F005646C3 /* Release */,
			);
			defaultConfigurationIsVisible = 0;
			defaultConfigurationName = Release;
		};
		6BED9AD32795154F005646C3 /* Build configuration list for PBXNativeTarget "wakawatch WatchKit AppTests" */ = {
			isa = XCConfigurationList;
			buildConfigurations = (
				6BED9AD42795154F005646C3 /* Debug */,
				6BED9AD52795154F005646C3 /* Release */,
			);
			defaultConfigurationIsVisible = 0;
			defaultConfigurationName = Release;
		};
		6BED9AD62795154F005646C3 /* Build configuration list for PBXNativeTarget "wakawatch WatchKit AppUITests" */ = {
			isa = XCConfigurationList;
			buildConfigurations = (
				6BED9AD72795154F005646C3 /* Debug */,
				6BED9AD82795154F005646C3 /* Release */,
			);
			defaultConfigurationIsVisible = 0;
			defaultConfigurationName = Release;
		};
/* End XCConfigurationList section */

/* Begin XCRemoteSwiftPackageReference section */
		6BD52EF4279FC9C900247BFB /* XCRemoteSwiftPackageReference "rollbar-apple" */ = {
			isa = XCRemoteSwiftPackageReference;
			repositoryURL = "https://github.com/rollbar/rollbar-apple.git";
			requirement = {
				kind = exactVersion;
				version = "2.0.0-beta.23";
			};
		};
		6BE5DE5227A788BC0072FF0E /* XCRemoteSwiftPackageReference "Swinject" */ = {
			isa = XCRemoteSwiftPackageReference;
			repositoryURL = "https://github.com/Swinject/Swinject.git";
			requirement = {
				branch = master;
				kind = branch;
			};
		};
		6BED9AD927951C82005646C3 /* XCRemoteSwiftPackageReference "BetterSafariView" */ = {
			isa = XCRemoteSwiftPackageReference;
			repositoryURL = "https://github.com/stleamist/BetterSafariView.git";
			requirement = {
				branch = main;
				kind = branch;
			};
		};
/* End XCRemoteSwiftPackageReference section */

/* Begin XCSwiftPackageProductDependency section */
		6BD52F1D279FD1A300247BFB /* RollbarNotifier */ = {
			isa = XCSwiftPackageProductDependency;
			package = 6BD52EF4279FC9C900247BFB /* XCRemoteSwiftPackageReference "rollbar-apple" */;
			productName = RollbarNotifier;
		};
		6BD52F1F279FD1AA00247BFB /* RollbarNotifier */ = {
			isa = XCSwiftPackageProductDependency;
			package = 6BD52EF4279FC9C900247BFB /* XCRemoteSwiftPackageReference "rollbar-apple" */;
			productName = RollbarNotifier;
		};
		6BE5DE5527A78BD60072FF0E /* Swinject */ = {
			isa = XCSwiftPackageProductDependency;
			package = 6BE5DE5227A788BC0072FF0E /* XCRemoteSwiftPackageReference "Swinject" */;
			productName = Swinject;
		};
		6BE5DE5827A8BB3C0072FF0E /* Swinject */ = {
			isa = XCSwiftPackageProductDependency;
			package = 6BE5DE5227A788BC0072FF0E /* XCRemoteSwiftPackageReference "Swinject" */;
			productName = Swinject;
		};
		6BED9ADA27951C82005646C3 /* BetterSafariView */ = {
			isa = XCSwiftPackageProductDependency;
			package = 6BED9AD927951C82005646C3 /* XCRemoteSwiftPackageReference "BetterSafariView" */;
			productName = BetterSafariView;
		};
/* End XCSwiftPackageProductDependency section */
	};
	rootObject = 6BED9A6227951549005646C3 /* Project object */;
}
