{
  "object": {
    "pins" : [
      {
        "package" : "bettersafariview",
        "repositoryURL" : "https://github.com/stleamist/BetterSafariView.git",
        "state" : {
          "revision" : "be7248720af18c57c7a1348b20f6212379b28c6b",
          "version" : "2.4.0"
        }
      },
      {
        "package" : "kingfisher",
        "repositoryURL" : "https://github.com/onevcat/Kingfisher.git",
        "state" : {
          "revision" : "2de32a15bdd640a30ee9972a40b031fc604fc880",
          "version" : "7.2.3"
        }
      },
      {
        "package" : "kscrash",
        "repositoryURL" : "https://github.com/kstenerud/KSCrash.git",
        "state" : {
          "revision" : "f45a917d93928b32626f3268239c58a6cdd852bb",
          "version" : "1.15.25"
        }
      },
      {
        "package" : "plcrashreporter",
        "repositoryURL" : "https://github.com/microsoft/plcrashreporter.git",
        "state" : {
          "revision" : "6b27393cad517c067dceea85fadf050e70c4ceaa",
          "version" : "1.10.1"
        }
      },
      {
        "package" : "rollbar-apple",
        "repositoryURL" : "https://github.com/rollbar/rollbar-apple.git",
        "state" : {
          "revision" : "c3553f1433669bf4d047979729978b7d73d65181",
          "version" : "2.0.0-beta.23"
        }
      },
      {
        "package" : "swift-docc-plugin",
        "repositoryURL" : "https://github.com/apple/swift-docc-plugin",
        "state" : {
          "revision" : "3303b164430d9a7055ba484c8ead67a52f7b74f6",
          "version" : "1.0.0"
        }
      },
      {
        "package" : "swiftuicharts",
        "repositoryURL" : "https://github.com/willdale/SwiftUICharts.git",
        "state" : {
          "revision" : "7bca99ef04dd6e46ec9621e8700f2392697f0f8d",
          "version" : "2.10.0"
        }
      },
      {
        "package" : "swiftversioncompare",
        "repositoryURL" : "https://github.com/mflknr/SwiftVersionCompare.git",
        "state" : {
          "revision" : "98169afd739783da8af2fe1805726bf6c450c346",
          "version" : "1.1.0"
        }
      },
      {
        "package" : "swinject",
        "repositoryURL" : "https://github.com/Swinject/Swinject.git",
        "state" : {
          "revision" : "f10b6e9ebff440f985c43008f7c2d097639fcb81",
          "version" : "2.8.1"
        }
      }
    ]
  },
  "version" : 1
}
